
Microsoft Visual Studio Solution File, Format Version 12.00
# Visual Studio 15
VisualStudioVersion = 15.0.28307.421
MinimumVisualStudioVersion = 10.0.40219.1
Project("{FAE04EC0-301F-11D3-BF4B-00C04F79EFBC}") = "Flights Management System", "Flights Management System\Flights Management System.csproj", "{8360E1B1-4B8E-4314-9478-65BC86938A0B}"
EndProject
Global
	GlobalSection(SolutionConfigurationPlatforms) = preSolution
		Debug|Any CPU = Debug|Any CPU
		Release|Any CPU = Release|Any CPU
	EndGlobalSection
	GlobalSection(ProjectConfigurationPlatforms) = postSolution
		{8360E1B1-4B8E-4314-9478-65BC86938A0B}.Debug|Any CPU.ActiveCfg = Debug|Any CPU
		{8360E1B1-4B8E-4314-9478-65BC86938A0B}.Debug|Any CPU.Build.0 = Debug|Any CPU
		{8360E1B1-4B8E-4314-9478-65BC86938A0B}.Release|Any CPU.ActiveCfg = Release|Any CPU
		{8360E1B1-4B8E-4314-9478-65BC86938A0B}.Release|Any CPU.Build.0 = Release|Any CPU
	EndGlobalSection
	GlobalSection(SolutionProperties) = preSolution
		HideSolutionNode = FALSE
	EndGlobalSection
	GlobalSection(ExtensibilityGlobals) = postSolution
		SolutionGuid = {456A3906-0EEC-4992-9E31-465CAB8DD892}
	EndGlobalSection
EndGlobal
